// !$*UTF8*$!
{
	archiveVersion = 1;
	classes = {
	};
	objectVersion = 54;
	objects = {

/* Begin PBXBuildFile section */
		4D91712F25CCDCD500DDF6DF /* MarkedApp.swift in Sources */ = {isa = PBXBuildFile; fileRef = 4D91712E25CCDCD500DDF6DF /* MarkedApp.swift */; };
		4D91713125CCDCD500DDF6DF /* ContentView.swift in Sources */ = {isa = PBXBuildFile; fileRef = 4D91713025CCDCD500DDF6DF /* ContentView.swift */; };
		4D91713325CCDCD600DDF6DF /* Assets.xcassets in Resources */ = {isa = PBXBuildFile; fileRef = 4D91713225CCDCD600DDF6DF /* Assets.xcassets */; };
		4D91713625CCDCD600DDF6DF /* Preview Assets.xcassets in Resources */ = {isa = PBXBuildFile; fileRef = 4D91713525CCDCD600DDF6DF /* Preview Assets.xcassets */; };
		4D91714125CCDCD600DDF6DF /* MarkedTests.swift in Sources */ = {isa = PBXBuildFile; fileRef = 4D91714025CCDCD600DDF6DF /* MarkedTests.swift */; };
		4D91717425CCE0E900DDF6DF /* FunctionalTestCredentials.swift in Sources */ = {isa = PBXBuildFile; fileRef = 4D91717325CCE0E900DDF6DF /* FunctionalTestCredentials.swift */; };
/* End PBXBuildFile section */

/* Begin PBXContainerItemProxy section */
		4D91713D25CCDCD600DDF6DF /* PBXContainerItemProxy */ = {
			isa = PBXContainerItemProxy;
			containerPortal = 4D91712325CCDCD500DDF6DF /* Project object */;
			proxyType = 1;
			remoteGlobalIDString = 4D91712A25CCDCD500DDF6DF;
			remoteInfo = Marked;
		};
/* End PBXContainerItemProxy section */

/* Begin PBXFileReference section */
		4D91712B25CCDCD500DDF6DF /* Marked.app */ = {isa = PBXFileReference; explicitFileType = wrapper.application; includeInIndex = 0; path = Marked.app; sourceTree = BUILT_PRODUCTS_DIR; };
		4D91712E25CCDCD500DDF6DF /* MarkedApp.swift */ = {isa = PBXFileReference; lastKnownFileType = sourcecode.swift; path = MarkedApp.swift; sourceTree = "<group>"; };
		4D91713025CCDCD500DDF6DF /* ContentView.swift */ = {isa = PBXFileReference; lastKnownFileType = sourcecode.swift; path = ContentView.swift; sourceTree = "<group>"; };
		4D91713225CCDCD600DDF6DF /* Assets.xcassets */ = {isa = PBXFileReference; lastKnownFileType = folder.assetcatalog; path = Assets.xcassets; sourceTree = "<group>"; };
		4D91713525CCDCD600DDF6DF /* Preview Assets.xcassets */ = {isa = PBXFileReference; lastKnownFileType = folder.assetcatalog; path = "Preview Assets.xcassets"; sourceTree = "<group>"; };
		4D91713725CCDCD600DDF6DF /* Info.plist */ = {isa = PBXFileReference; lastKnownFileType = text.plist.xml; path = Info.plist; sourceTree = "<group>"; };
		4D91713C25CCDCD600DDF6DF /* MarkedTests.xctest */ = {isa = PBXFileReference; explicitFileType = wrapper.cfbundle; includeInIndex = 0; path = MarkedTests.xctest; sourceTree = BUILT_PRODUCTS_DIR; };
		4D91714025CCDCD600DDF6DF /* MarkedTests.swift */ = {isa = PBXFileReference; lastKnownFileType = sourcecode.swift; path = MarkedTests.swift; sourceTree = "<group>"; };
		4D91714225CCDCD600DDF6DF /* Info.plist */ = {isa = PBXFileReference; lastKnownFileType = text.plist.xml; path = Info.plist; sourceTree = "<group>"; };
		4D91717325CCE0E900DDF6DF /* FunctionalTestCredentials.swift */ = {isa = PBXFileReference; fileEncoding = 4; lastKnownFileType = sourcecode.swift; path = FunctionalTestCredentials.swift; sourceTree = "<group>"; };
/* End PBXFileReference section */

/* Begin PBXFrameworksBuildPhase section */
		4D91712825CCDCD500DDF6DF /* Frameworks */ = {
			isa = PBXFrameworksBuildPhase;
			buildActionMask = 2147483647;
			files = (
			);
			runOnlyForDeploymentPostprocessing = 0;
		};
		4D91713925CCDCD600DDF6DF /* Frameworks */ = {
			isa = PBXFrameworksBuildPhase;
			buildActionMask = 2147483647;
			files = (
			);
			runOnlyForDeploymentPostprocessing = 0;
		};
/* End PBXFrameworksBuildPhase section */

/* Begin PBXGroup section */
		4D91712225CCDCD500DDF6DF = {
			isa = PBXGroup;
			children = (
				4D91712D25CCDCD500DDF6DF /* Marked */,
				4D91713F25CCDCD600DDF6DF /* MarkedTests */,
				4D91712C25CCDCD500DDF6DF /* Products */,
			);
			sourceTree = "<group>";
		};
		4D91712C25CCDCD500DDF6DF /* Products */ = {
			isa = PBXGroup;
			children = (
				4D91712B25CCDCD500DDF6DF /* Marked.app */,
				4D91713C25CCDCD600DDF6DF /* MarkedTests.xctest */,
			);
			name = Products;
			sourceTree = "<group>";
		};
		4D91712D25CCDCD500DDF6DF /* Marked */ = {
			isa = PBXGroup;
			children = (
				4D91712E25CCDCD500DDF6DF /* MarkedApp.swift */,
				4D91713025CCDCD500DDF6DF /* ContentView.swift */,
				4D91713225CCDCD600DDF6DF /* Assets.xcassets */,
				4D91713725CCDCD600DDF6DF /* Info.plist */,
				4D91713425CCDCD600DDF6DF /* Preview Content */,
			);
			path = Marked;
			sourceTree = "<group>";
		};
		4D91713425CCDCD600DDF6DF /* Preview Content */ = {
			isa = PBXGroup;
			children = (
				4D91713525CCDCD600DDF6DF /* Preview Assets.xcassets */,
			);
			path = "Preview Content";
			sourceTree = "<group>";
		};
		4D91713F25CCDCD600DDF6DF /* MarkedTests */ = {
			isa = PBXGroup;
			children = (
				4D91717325CCE0E900DDF6DF /* FunctionalTestCredentials.swift */,
				4D91714025CCDCD600DDF6DF /* MarkedTests.swift */,
				4D91714225CCDCD600DDF6DF /* Info.plist */,
			);
			path = MarkedTests;
			sourceTree = "<group>";
		};
/* End PBXGroup section */

/* Begin PBXNativeTarget section */
		4D91712A25CCDCD500DDF6DF /* Marked */ = {
			isa = PBXNativeTarget;
			buildConfigurationList = 4D91715025CCDCD600DDF6DF /* Build configuration list for PBXNativeTarget "Marked" */;
			buildPhases = (
				4D91712725CCDCD500DDF6DF /* Sources */,
				4D91712825CCDCD500DDF6DF /* Frameworks */,
				4D91712925CCDCD500DDF6DF /* Resources */,
			);
			buildRules = (
			);
			dependencies = (
			);
			name = Marked;
			productName = Marked;
			productReference = 4D91712B25CCDCD500DDF6DF /* Marked.app */;
			productType = "com.apple.product-type.application";
		};
		4D91713B25CCDCD600DDF6DF /* MarkedTests */ = {
			isa = PBXNativeTarget;
			buildConfigurationList = 4D91715325CCDCD600DDF6DF /* Build configuration list for PBXNativeTarget "MarkedTests" */;
			buildPhases = (
				4D91716025CCDCFF00DDF6DF /* Set Test Token */,
				4D91713825CCDCD600DDF6DF /* Sources */,
				4D91713925CCDCD600DDF6DF /* Frameworks */,
				4D91713A25CCDCD600DDF6DF /* Resources */,
			);
			buildRules = (
			);
			dependencies = (
				4D91713E25CCDCD600DDF6DF /* PBXTargetDependency */,
			);
			name = MarkedTests;
			productName = MarkedTests;
			productReference = 4D91713C25CCDCD600DDF6DF /* MarkedTests.xctest */;
			productType = "com.apple.product-type.bundle.unit-test";
		};
/* End PBXNativeTarget section */

/* Begin PBXProject section */
		4D91712325CCDCD500DDF6DF /* Project object */ = {
			isa = PBXProject;
			attributes = {
				LastSwiftUpdateCheck = 1240;
				LastUpgradeCheck = 1240;
				TargetAttributes = {
					4D91712A25CCDCD500DDF6DF = {
						CreatedOnToolsVersion = 12.4;
					};
					4D91713B25CCDCD600DDF6DF = {
						CreatedOnToolsVersion = 12.4;
						TestTargetID = 4D91712A25CCDCD500DDF6DF;
					};
				};
			};
			buildConfigurationList = 4D91712625CCDCD500DDF6DF /* Build configuration list for PBXProject "Marked" */;
			compatibilityVersion = "Xcode 9.3";
			developmentRegion = en;
			hasScannedForEncodings = 0;
			knownRegions = (
				en,
				Base,
			);
			mainGroup = 4D91712225CCDCD500DDF6DF;
			productRefGroup = 4D91712C25CCDCD500DDF6DF /* Products */;
			projectDirPath = "";
			projectRoot = "";
			targets = (
				4D91712A25CCDCD500DDF6DF /* Marked */,
				4D91713B25CCDCD600DDF6DF /* MarkedTests */,
			);
		};
/* End PBXProject section */

/* Begin PBXResourcesBuildPhase section */
		4D91712925CCDCD500DDF6DF /* Resources */ = {
			isa = PBXResourcesBuildPhase;
			buildActionMask = 2147483647;
			files = (
				4D91713625CCDCD600DDF6DF /* Preview Assets.xcassets in Resources */,
				4D91713325CCDCD600DDF6DF /* Assets.xcassets in Resources */,
			);
			runOnlyForDeploymentPostprocessing = 0;
		};
		4D91713A25CCDCD600DDF6DF /* Resources */ = {
			isa = PBXResourcesBuildPhase;
			buildActionMask = 2147483647;
			files = (
			);
			runOnlyForDeploymentPostprocessing = 0;
		};
/* End PBXResourcesBuildPhase section */

/* Begin PBXShellScriptBuildPhase section */
		4D91716025CCDCFF00DDF6DF /* Set Test Token */ = {
			isa = PBXShellScriptBuildPhase;
			alwaysOutOfDate = 1;
			buildActionMask = 2147483647;
			files = (
			);
			inputFileListPaths = (
			);
			inputPaths = (
			);
			name = "Set Test Token";
			outputFileListPaths = (
			);
			outputPaths = (
			);
			runOnlyForDeploymentPostprocessing = 0;
			shellPath = /bin/sh;
			shellScript = "echo \"Set test token\"\ntouch \"$SRCROOT/MarkedTests/FunctionalTestCredentials.swift\"\ncat \"$SRCROOT/MarkedTests/FunctionalTestCredentials.swift\"  \npwd\necho \"\"\necho \"********\"\nls \"$SRCROOT/MarkedTests/\"\nif [ -z \"$CI\" ]; \nthen\n    if [ -f $SRCROOT/.env ] \n    then\n        set -o allexport; source $SRCROOT/.env; set +o allexport\n    else\n            echo \"error: Add .env with credentials\"\n    exit 1\n    fi\nfi\n    cat <<EOF >\"$SRCROOT/MarkedTests/FunctionalTestCredentials.swift\"\nstruct FunctionalTestCredentials {\n    static let token = \"$FUNCTIONAL_TEST_TOKEN\"\n    static let env = \"$MOBI_ENV\"\n}\nEOF\n";
		};
/* End PBXShellScriptBuildPhase section */

/* Begin PBXSourcesBuildPhase section */
		4D91712725CCDCD500DDF6DF /* Sources */ = {
			isa = PBXSourcesBuildPhase;
			buildActionMask = 2147483647;
			files = (
				4D91713125CCDCD500DDF6DF /* ContentView.swift in Sources */,
				4D91712F25CCDCD500DDF6DF /* MarkedApp.swift in Sources */,
			);
			runOnlyForDeploymentPostprocessing = 0;
		};
		4D91713825CCDCD600DDF6DF /* Sources */ = {
			isa = PBXSourcesBuildPhase;
			buildActionMask = 2147483647;
			files = (
				4D91714125CCDCD600DDF6DF /* MarkedTests.swift in Sources */,
				4D91717425CCE0E900DDF6DF /* FunctionalTestCredentials.swift in Sources */,
			);
			runOnlyForDeploymentPostprocessing = 0;
		};
/* End PBXSourcesBuildPhase section */

/* Begin PBXTargetDependency section */
		4D91713E25CCDCD600DDF6DF /* PBXTargetDependency */ = {
			isa = PBXTargetDependency;
			target = 4D91712A25CCDCD500DDF6DF /* Marked */;
			targetProxy = 4D91713D25CCDCD600DDF6DF /* PBXContainerItemProxy */;
		};
/* End PBXTargetDependency section */

/* Begin XCBuildConfiguration section */
		4D91714E25CCDCD600DDF6DF /* Debug */ = {
			isa = XCBuildConfiguration;
			buildSettings = {
				ALWAYS_SEARCH_USER_PATHS = NO;
				CLANG_ANALYZER_NONNULL = YES;
				CLANG_ANALYZER_NUMBER_OBJECT_CONVERSION = YES_AGGRESSIVE;
				CLANG_CXX_LANGUAGE_STANDARD = "gnu++14";
				CLANG_CXX_LIBRARY = "libc++";
				CLANG_ENABLE_MODULES = YES;
				CLANG_ENABLE_OBJC_ARC = YES;
				CLANG_ENABLE_OBJC_WEAK = YES;
				CLANG_WARN_BLOCK_CAPTURE_AUTORELEASING = YES;
				CLANG_WARN_BOOL_CONVERSION = YES;
				CLANG_WARN_COMMA = YES;
				CLANG_WARN_CONSTANT_CONVERSION = YES;
				CLANG_WARN_DEPRECATED_OBJC_IMPLEMENTATIONS = YES;
				CLANG_WARN_DIRECT_OBJC_ISA_USAGE = YES_ERROR;
				CLANG_WARN_DOCUMENTATION_COMMENTS = YES;
				CLANG_WARN_EMPTY_BODY = YES;
				CLANG_WARN_ENUM_CONVERSION = YES;
				CLANG_WARN_INFINITE_RECURSION = YES;
				CLANG_WARN_INT_CONVERSION = YES;
				CLANG_WARN_NON_LITERAL_NULL_CONVERSION = YES;
				CLANG_WARN_OBJC_IMPLICIT_RETAIN_SELF = YES;
				CLANG_WARN_OBJC_LITERAL_CONVERSION = YES;
				CLANG_WARN_OBJC_ROOT_CLASS = YES_ERROR;
				CLANG_WARN_QUOTED_INCLUDE_IN_FRAMEWORK_HEADER = YES;
				CLANG_WARN_RANGE_LOOP_ANALYSIS = YES;
				CLANG_WARN_STRICT_PROTOTYPES = YES;
				CLANG_WARN_SUSPICIOUS_MOVE = YES;
				CLANG_WARN_UNGUARDED_AVAILABILITY = YES_AGGRESSIVE;
				CLANG_WARN_UNREACHABLE_CODE = YES;
				CLANG_WARN__DUPLICATE_METHOD_MATCH = YES;
				COPY_PHASE_STRIP = NO;
				DEBUG_INFORMATION_FORMAT = dwarf;
				ENABLE_STRICT_OBJC_MSGSEND = YES;
				ENABLE_TESTABILITY = YES;
				GCC_C_LANGUAGE_STANDARD = gnu11;
				GCC_DYNAMIC_NO_PIC = NO;
				GCC_NO_COMMON_BLOCKS = YES;
				GCC_OPTIMIZATION_LEVEL = 0;
				GCC_PREPROCESSOR_DEFINITIONS = (
					"DEBUG=1",
					"$(inherited)",
				);
				GCC_WARN_64_TO_32_BIT_CONVERSION = YES;
				GCC_WARN_ABOUT_RETURN_TYPE = YES_ERROR;
				GCC_WARN_UNDECLARED_SELECTOR = YES;
				GCC_WARN_UNINITIALIZED_AUTOS = YES_AGGRESSIVE;
				GCC_WARN_UNUSED_FUNCTION = YES;
				GCC_WARN_UNUSED_VARIABLE = YES;
				IPHONEOS_DEPLOYMENT_TARGET = 14.4;
				MTL_ENABLE_DEBUG_INFO = INCLUDE_SOURCE;
				MTL_FAST_MATH = YES;
				ONLY_ACTIVE_ARCH = YES;
				SDKROOT = iphoneos;
				SWIFT_ACTIVE_COMPILATION_CONDITIONS = DEBUG;
				SWIFT_OPTIMIZATION_LEVEL = "-Onone";
			};
			name = Debug;
		};
		4D91714F25CCDCD600DDF6DF /* Release */ = {
			isa = XCBuildConfiguration;
			buildSettings = {
				ALWAYS_SEARCH_USER_PATHS = NO;
				CLANG_ANALYZER_NONNULL = YES;
				CLANG_ANALYZER_NUMBER_OBJECT_CONVERSION = YES_AGGRESSIVE;
				CLANG_CXX_LANGUAGE_STANDARD = "gnu++14";
				CLANG_CXX_LIBRARY = "libc++";
				CLANG_ENABLE_MODULES = YES;
				CLANG_ENABLE_OBJC_ARC = YES;
				CLANG_ENABLE_OBJC_WEAK = YES;
				CLANG_WARN_BLOCK_CAPTURE_AUTORELEASING = YES;
				CLANG_WARN_BOOL_CONVERSION = YES;
				CLANG_WARN_COMMA = YES;
				CLANG_WARN_CONSTANT_CONVERSION = YES;
				CLANG_WARN_DEPRECATED_OBJC_IMPLEMENTATIONS = YES;
				CLANG_WARN_DIRECT_OBJC_ISA_USAGE = YES_ERROR;
				CLANG_WARN_DOCUMENTATION_COMMENTS = YES;
				CLANG_WARN_EMPTY_BODY = YES;
				CLANG_WARN_ENUM_CONVERSION = YES;
				CLANG_WARN_INFINITE_RECURSION = YES;
				CLANG_WARN_INT_CONVERSION = YES;
				CLANG_WARN_NON_LITERAL_NULL_CONVERSION = YES;
				CLANG_WARN_OBJC_IMPLICIT_RETAIN_SELF = YES;
				CLANG_WARN_OBJC_LITERAL_CONVERSION = YES;
				CLANG_WARN_OBJC_ROOT_CLASS = YES_ERROR;
				CLANG_WARN_QUOTED_INCLUDE_IN_FRAMEWORK_HEADER = YES;
				CLANG_WARN_RANGE_LOOP_ANALYSIS = YES;
				CLANG_WARN_STRICT_PROTOTYPES = YES;
				CLANG_WARN_SUSPICIOUS_MOVE = YES;
				CLANG_WARN_UNGUARDED_AVAILABILITY = YES_AGGRESSIVE;
				CLANG_WARN_UNREACHABLE_CODE = YES;
				CLANG_WARN__DUPLICATE_METHOD_MATCH = YES;
				COPY_PHASE_STRIP = NO;
				DEBUG_INFORMATION_FORMAT = "dwarf-with-dsym";
				ENABLE_NS_ASSERTIONS = NO;
				ENABLE_STRICT_OBJC_MSGSEND = YES;
				GCC_C_LANGUAGE_STANDARD = gnu11;
				GCC_NO_COMMON_BLOCKS = YES;
				GCC_WARN_64_TO_32_BIT_CONVERSION = YES;
				GCC_WARN_ABOUT_RETURN_TYPE = YES_ERROR;
				GCC_WARN_UNDECLARED_SELECTOR = YES;
				GCC_WARN_UNINITIALIZED_AUTOS = YES_AGGRESSIVE;
				GCC_WARN_UNUSED_FUNCTION = YES;
				GCC_WARN_UNUSED_VARIABLE = YES;
				IPHONEOS_DEPLOYMENT_TARGET = 14.4;
				MTL_ENABLE_DEBUG_INFO = NO;
				MTL_FAST_MATH = YES;
				SDKROOT = iphoneos;
				SWIFT_COMPILATION_MODE = wholemodule;
				SWIFT_OPTIMIZATION_LEVEL = "-O";
				VALIDATE_PRODUCT = YES;
			};
			name = Release;
		};
		4D91715125CCDCD600DDF6DF /* Debug */ = {
			isa = XCBuildConfiguration;
			buildSettings = {
				ASSETCATALOG_COMPILER_APPICON_NAME = AppIcon;
				ASSETCATALOG_COMPILER_GLOBAL_ACCENT_COLOR_NAME = AccentColor;
				CODE_SIGN_STYLE = Automatic;
				DEVELOPMENT_ASSET_PATHS = "\"Marked/Preview Content\"";
				DEVELOPMENT_TEAM = 6Z2XT36CY3;
				ENABLE_PREVIEWS = YES;
				INFOPLIST_FILE = Marked/Info.plist;
				IPHONEOS_DEPLOYMENT_TARGET = 14.0;
				LD_RUNPATH_SEARCH_PATHS = (
					"$(inherited)",
					"@executable_path/Frameworks",
				);
				PRODUCT_BUNDLE_IDENTIFIER = com.markedsystems.Marked;
				PRODUCT_NAME = "$(TARGET_NAME)";
				SWIFT_VERSION = 5.0;
				TARGETED_DEVICE_FAMILY = "1,2";
			};
			name = Debug;
		};
		4D91715225CCDCD600DDF6DF /* Release */ = {
			isa = XCBuildConfiguration;
			buildSettings = {
				ASSETCATALOG_COMPILER_APPICON_NAME = AppIcon;
				ASSETCATALOG_COMPILER_GLOBAL_ACCENT_COLOR_NAME = AccentColor;
				CODE_SIGN_STYLE = Automatic;
				DEVELOPMENT_ASSET_PATHS = "\"Marked/Preview Content\"";
				DEVELOPMENT_TEAM = 6Z2XT36CY3;
				ENABLE_PREVIEWS = YES;
				INFOPLIST_FILE = Marked/Info.plist;
				IPHONEOS_DEPLOYMENT_TARGET = 14.0;
				LD_RUNPATH_SEARCH_PATHS = (
					"$(inherited)",
					"@executable_path/Frameworks",
				);
				PRODUCT_BUNDLE_IDENTIFIER = com.markedsystems.Marked;
				PRODUCT_NAME = "$(TARGET_NAME)";
				SWIFT_VERSION = 5.0;
				TARGETED_DEVICE_FAMILY = "1,2";
			};
			name = Release;
		};
		4D91715425CCDCD600DDF6DF /* Debug */ = {
			isa = XCBuildConfiguration;
			buildSettings = {
				ALWAYS_EMBED_SWIFT_STANDARD_LIBRARIES = YES;
				BUNDLE_LOADER = "$(TEST_HOST)";
				CODE_SIGN_STYLE = Automatic;
				DEVELOPMENT_TEAM = 6Z2XT36CY3;
				INFOPLIST_FILE = MarkedTests/Info.plist;
				IPHONEOS_DEPLOYMENT_TARGET = 14.0;
				LD_RUNPATH_SEARCH_PATHS = (
					"$(inherited)",
					"@executable_path/Frameworks",
					"@loader_path/Frameworks",
				);
				PRODUCT_BUNDLE_IDENTIFIER = com.markedsystems.MarkedTests;
				PRODUCT_NAME = "$(TARGET_NAME)";
				SWIFT_VERSION = 5.0;
				TARGETED_DEVICE_FAMILY = "1,2";
				TEST_HOST = "$(BUILT_PRODUCTS_DIR)/Marked.app/Marked";
			};
			name = Debug;
		};
		4D91715525CCDCD600DDF6DF /* Release */ = {
			isa = XCBuildConfiguration;
			buildSettings = {
				ALWAYS_EMBED_SWIFT_STANDARD_LIBRARIES = YES;
				BUNDLE_LOADER = "$(TEST_HOST)";
				CODE_SIGN_STYLE = Automatic;
				DEVELOPMENT_TEAM = 6Z2XT36CY3;
				INFOPLIST_FILE = MarkedTests/Info.plist;
				IPHONEOS_DEPLOYMENT_TARGET = 14.0;
				LD_RUNPATH_SEARCH_PATHS = (
					"$(inherited)",
					"@executable_path/Frameworks",
					"@loader_path/Frameworks",
				);
				PRODUCT_BUNDLE_IDENTIFIER = com.markedsystems.MarkedTests;
				PRODUCT_NAME = "$(TARGET_NAME)";
				SWIFT_VERSION = 5.0;
				TARGETED_DEVICE_FAMILY = "1,2";
				TEST_HOST = "$(BUILT_PRODUCTS_DIR)/Marked.app/Marked";
			};
			name = Release;
		};
/* End XCBuildConfiguration section */

/* Begin XCConfigurationList section */
		4D91712625CCDCD500DDF6DF /* Build configuration list for PBXProject "Marked" */ = {
			isa = XCConfigurationList;
			buildConfigurations = (
				4D91714E25CCDCD600DDF6DF /* Debug */,
				4D91714F25CCDCD600DDF6DF /* Release */,
			);
			defaultConfigurationIsVisible = 0;
			defaultConfigurationName = Release;
		};
		4D91715025CCDCD600DDF6DF /* Build configuration list for PBXNativeTarget "Marked" */ = {
			isa = XCConfigurationList;
			buildConfigurations = (
				4D91715125CCDCD600DDF6DF /* Debug */,
				4D91715225CCDCD600DDF6DF /* Release */,
			);
			defaultConfigurationIsVisible = 0;
			defaultConfigurationName = Release;
		};
		4D91715325CCDCD600DDF6DF /* Build configuration list for PBXNativeTarget "MarkedTests" */ = {
			isa = XCConfigurationList;
			buildConfigurations = (
				4D91715425CCDCD600DDF6DF /* Debug */,
				4D91715525CCDCD600DDF6DF /* Release */,
			);
			defaultConfigurationIsVisible = 0;
			defaultConfigurationName = Release;
		};
/* End XCConfigurationList section */
	};
	rootObject = 4D91712325CCDCD500DDF6DF /* Project object */;
}
